
Microsoft Visual Studio Solution File, Format Version 12.00
# Visual Studio Version 17
VisualStudioVersion = 17.0.32112.339
MinimumVisualStudioVersion = 10.0.40219.1
Project("{9A19103F-16F7-4668-BE54-9A1E7A4F7556}") = "AbstractBot", "AbstractBot\AbstractBot.csproj", "{A786A07E-A46A-4C1F-83B1-7995107FA154}"
EndProject
Global
	GlobalSection(SolutionConfigurationPlatforms) = preSolution
		Debug|Any CPU = Debug|Any CPU
		Release|Any CPU = Release|Any CPU
	EndGlobalSection
	GlobalSection(ProjectConfigurationPlatforms) = postSolution
		{A786A07E-A46A-4C1F-83B1-7995107FA154}.Debug|Any CPU.ActiveCfg = Debug|Any CPU
		{A786A07E-A46A-4C1F-83B1-7995107FA154}.Debug|Any CPU.Build.0 = Debug|Any CPU
		{A786A07E-A46A-4C1F-83B1-7995107FA154}.Release|Any CPU.ActiveCfg = Release|Any CPU
		{A786A07E-A46A-4C1F-83B1-7995107FA154}.Release|Any CPU.Build.0 = Release|Any CPU
	EndGlobalSection
	GlobalSection(SolutionProperties) = preSolution
		HideSolutionNode = FALSE
	EndGlobalSection
	GlobalSection(ExtensibilityGlobals) = postSolution
		SolutionGuid = {CB55C9C1-586C-4986-A913-7F9F771D4290}
	EndGlobalSection
EndGlobal
